
Microsoft Visual Studio Solution File, Format Version 12.00
# Visual Studio Version 17
VisualStudioVersion = 17.13.35825.156 d17.13
MinimumVisualStudioVersion = 10.0.40219.1
Project("{FAE04EC0-301F-11D3-BF4B-00C04F79EFBC}") = "ShowPms", "ShowPms.csproj", "{5400A140-0A38-459D-BDCF-3E33B762BAD1}"
EndProject
Global
	GlobalSection(SolutionConfigurationPlatforms) = preSolution
		Debug|Any CPU = Debug|Any CPU
		Release|Any CPU = Release|Any CPU
	EndGlobalSection
	GlobalSection(ProjectConfigurationPlatforms) = postSolution
		{5400A140-0A38-459D-BDCF-3E33B762BAD1}.Debug|Any CPU.ActiveCfg = Debug|Any CPU
		{5400A140-0A38-459D-BDCF-3E33B762BAD1}.Debug|Any CPU.Build.0 = Debug|Any CPU
		{5400A140-0A38-459D-BDCF-3E33B762BAD1}.Release|Any CPU.ActiveCfg = Release|Any CPU
		{5400A140-0A38-459D-BDCF-3E33B762BAD1}.Release|Any CPU.Build.0 = Release|Any CPU
	EndGlobalSection
	GlobalSection(SolutionProperties) = preSolution
		HideSolutionNode = FALSE
	EndGlobalSection
	GlobalSection(ExtensibilityGlobals) = postSolution
		SolutionGuid = {6FF95D74-2BA0-452C-A02F-A8E86C99D322}
	EndGlobalSection
EndGlobal
